
Microsoft Visual Studio Solution File, Format Version 12.00
# Visual Studio Version 17
VisualStudioVersion = 17.6.33815.320
MinimumVisualStudioVersion = 10.0.40219.1
Project("{FAE04EC0-301F-11D3-BF4B-00C04F79EFBC}") = "AppExemplo", "AppExemplo\AppExemplo.csproj", "{236F9FBA-9AD2-459C-B417-9486D5CF2FD1}"
EndProject
Global
	GlobalSection(SolutionConfigurationPlatforms) = preSolution
		Debug|Any CPU = Debug|Any CPU
		Release|Any CPU = Release|Any CPU
	EndGlobalSection
	GlobalSection(ProjectConfigurationPlatforms) = postSolution
		{236F9FBA-9AD2-459C-B417-9486D5CF2FD1}.Debug|Any CPU.ActiveCfg = Debug|Any CPU
		{236F9FBA-9AD2-459C-B417-9486D5CF2FD1}.Debug|Any CPU.Build.0 = Debug|Any CPU
		{236F9FBA-9AD2-459C-B417-9486D5CF2FD1}.Release|Any CPU.ActiveCfg = Release|Any CPU
		{236F9FBA-9AD2-459C-B417-9486D5CF2FD1}.Release|Any CPU.Build.0 = Release|Any CPU
	EndGlobalSection
	GlobalSection(SolutionProperties) = preSolution
		HideSolutionNode = FALSE
	EndGlobalSection
	GlobalSection(ExtensibilityGlobals) = postSolution
		SolutionGuid = {AB3C15A5-A0BD-42F7-96E8-925FE46075A1}
	EndGlobalSection
EndGlobal
